// !$*UTF8*$!
{
	archiveVersion = 1;
	classes = {
	};
	objectVersion = 55;
	objects = {

/* Begin PBXBuildFile section */
		4490EEF1B2A1595DC6E662E2 /* Pods_iOSCoachTests.framework in Frameworks */ = {isa = PBXBuildFile; fileRef = 32C75DC57B015D0A8ECE8EFD /* Pods_iOSCoachTests.framework */; };
		8411860EB2134A786CD41C6C /* Pods_iOSCoach_iOSCoachUITests.framework in Frameworks */ = {isa = PBXBuildFile; fileRef = 8744689468797D53A608B393 /* Pods_iOSCoach_iOSCoachUITests.framework */; };
		EB0C98DC3D72BAC1F34FBEC7 /* Pods_iOSCoach.framework in Frameworks */ = {isa = PBXBuildFile; fileRef = 43ED6717C20A3CCC5E527764 /* Pods_iOSCoach.framework */; };
		EF15DE5B27DF208F00762BA1 /* HomeViewController.swift in Sources */ = {isa = PBXBuildFile; fileRef = EF15DE5A27DF208F00762BA1 /* HomeViewController.swift */; };
		EF5AE77527DB4CD000531C0C /* SceneDelegate.swift in Sources */ = {isa = PBXBuildFile; fileRef = EF5AE77427DB4CD000531C0C /* SceneDelegate.swift */; };
		EF78367027E4682200162E7F /* ListUsersViewController.swift in Sources */ = {isa = PBXBuildFile; fileRef = EF78366F27E4682200162E7F /* ListUsersViewController.swift */; };
		EF78367227E4715400162E7F /* ListUsersCell.swift in Sources */ = {isa = PBXBuildFile; fileRef = EF78367127E4715400162E7F /* ListUsersCell.swift */; };
		EF78367427E477C600162E7F /* ListUsersRightCell.swift in Sources */ = {isa = PBXBuildFile; fileRef = EF78367327E477C600162E7F /* ListUsersRightCell.swift */; };
		EF78367627E47B6B00162E7F /* UserInfoCell.swift in Sources */ = {isa = PBXBuildFile; fileRef = EF78367527E47B6B00162E7F /* UserInfoCell.swift */; };
		EF7B2D2027DB412E000DF323 /* AppDelegate.swift in Sources */ = {isa = PBXBuildFile; fileRef = EF7B2D1F27DB412E000DF323 /* AppDelegate.swift */; };
		EF7B2D2427DB412E000DF323 /* ViewController.swift in Sources */ = {isa = PBXBuildFile; fileRef = EF7B2D2327DB412E000DF323 /* ViewController.swift */; };
		EF7B2D2727DB412E000DF323 /* Main.storyboard in Resources */ = {isa = PBXBuildFile; fileRef = EF7B2D2527DB412E000DF323 /* Main.storyboard */; };
		EF7B2D2927DB4130000DF323 /* Assets.xcassets in Resources */ = {isa = PBXBuildFile; fileRef = EF7B2D2827DB4130000DF323 /* Assets.xcassets */; };
		EF7B2D2C27DB4130000DF323 /* LaunchScreen.storyboard in Resources */ = {isa = PBXBuildFile; fileRef = EF7B2D2A27DB4130000DF323 /* LaunchScreen.storyboard */; };
		EF7B2D3727DB4131000DF323 /* iOSCoachTests.swift in Sources */ = {isa = PBXBuildFile; fileRef = EF7B2D3627DB4131000DF323 /* iOSCoachTests.swift */; };
		EF7B2D4127DB4131000DF323 /* iOSCoachUITests.swift in Sources */ = {isa = PBXBuildFile; fileRef = EF7B2D4027DB4131000DF323 /* iOSCoachUITests.swift */; };
		EF7B2D4327DB4131000DF323 /* iOSCoachUITestsLaunchTests.swift in Sources */ = {isa = PBXBuildFile; fileRef = EF7B2D4227DB4131000DF323 /* iOSCoachUITestsLaunchTests.swift */; };
		EF7B2D5627DB435B000DF323 /* LoginViewController.swift in Sources */ = {isa = PBXBuildFile; fileRef = EF7B2D5527DB435B000DF323 /* LoginViewController.swift */; };
/* End PBXBuildFile section */

/* Begin PBXContainerItemProxy section */
		EF7B2D3327DB4131000DF323 /* PBXContainerItemProxy */ = {
			isa = PBXContainerItemProxy;
			containerPortal = EF7B2D1427DB412E000DF323 /* Project object */;
			proxyType = 1;
			remoteGlobalIDString = EF7B2D1B27DB412E000DF323;
			remoteInfo = iOSCoach;
		};
		EF7B2D3D27DB4131000DF323 /* PBXContainerItemProxy */ = {
			isa = PBXContainerItemProxy;
			containerPortal = EF7B2D1427DB412E000DF323 /* Project object */;
			proxyType = 1;
			remoteGlobalIDString = EF7B2D1B27DB412E000DF323;
			remoteInfo = iOSCoach;
		};
/* End PBXContainerItemProxy section */

/* Begin PBXFileReference section */
		0BEA24B45A531C50AD9A2080 /* Pods-iOSCoach-iOSCoachUITests.release.xcconfig */ = {isa = PBXFileReference; includeInIndex = 1; lastKnownFileType = text.xcconfig; name = "Pods-iOSCoach-iOSCoachUITests.release.xcconfig"; path = "Target Support Files/Pods-iOSCoach-iOSCoachUITests/Pods-iOSCoach-iOSCoachUITests.release.xcconfig"; sourceTree = "<group>"; };
		2AC337E4E31A0E4DD84FC2CB /* Pods-iOSCoachTests.release.xcconfig */ = {isa = PBXFileReference; includeInIndex = 1; lastKnownFileType = text.xcconfig; name = "Pods-iOSCoachTests.release.xcconfig"; path = "Target Support Files/Pods-iOSCoachTests/Pods-iOSCoachTests.release.xcconfig"; sourceTree = "<group>"; };
		2FD5E0AB5E5648294D0BF2D6 /* Pods-iOSCoach-iOSCoachUITests.debug.xcconfig */ = {isa = PBXFileReference; includeInIndex = 1; lastKnownFileType = text.xcconfig; name = "Pods-iOSCoach-iOSCoachUITests.debug.xcconfig"; path = "Target Support Files/Pods-iOSCoach-iOSCoachUITests/Pods-iOSCoach-iOSCoachUITests.debug.xcconfig"; sourceTree = "<group>"; };
		32C75DC57B015D0A8ECE8EFD /* Pods_iOSCoachTests.framework */ = {isa = PBXFileReference; explicitFileType = wrapper.framework; includeInIndex = 0; path = Pods_iOSCoachTests.framework; sourceTree = BUILT_PRODUCTS_DIR; };
		36E057D84FF235E53706CA43 /* Pods-iOSCoach.debug.xcconfig */ = {isa = PBXFileReference; includeInIndex = 1; lastKnownFileType = text.xcconfig; name = "Pods-iOSCoach.debug.xcconfig"; path = "Target Support Files/Pods-iOSCoach/Pods-iOSCoach.debug.xcconfig"; sourceTree = "<group>"; };
		41EAC908CB0FB0846FEE2D95 /* Pods-iOSCoach.release.xcconfig */ = {isa = PBXFileReference; includeInIndex = 1; lastKnownFileType = text.xcconfig; name = "Pods-iOSCoach.release.xcconfig"; path = "Target Support Files/Pods-iOSCoach/Pods-iOSCoach.release.xcconfig"; sourceTree = "<group>"; };
		43ED6717C20A3CCC5E527764 /* Pods_iOSCoach.framework */ = {isa = PBXFileReference; explicitFileType = wrapper.framework; includeInIndex = 0; path = Pods_iOSCoach.framework; sourceTree = BUILT_PRODUCTS_DIR; };
		8744689468797D53A608B393 /* Pods_iOSCoach_iOSCoachUITests.framework */ = {isa = PBXFileReference; explicitFileType = wrapper.framework; includeInIndex = 0; path = Pods_iOSCoach_iOSCoachUITests.framework; sourceTree = BUILT_PRODUCTS_DIR; };
		BEE03B33F577A5CD002E9A05 /* Pods-iOSCoachTests.debug.xcconfig */ = {isa = PBXFileReference; includeInIndex = 1; lastKnownFileType = text.xcconfig; name = "Pods-iOSCoachTests.debug.xcconfig"; path = "Target Support Files/Pods-iOSCoachTests/Pods-iOSCoachTests.debug.xcconfig"; sourceTree = "<group>"; };
		EF15DE5A27DF208F00762BA1 /* HomeViewController.swift */ = {isa = PBXFileReference; lastKnownFileType = sourcecode.swift; path = HomeViewController.swift; sourceTree = "<group>"; };
		EF5AE77427DB4CD000531C0C /* SceneDelegate.swift */ = {isa = PBXFileReference; fileEncoding = 4; lastKnownFileType = sourcecode.swift; path = SceneDelegate.swift; sourceTree = "<group>"; };
		EF78366F27E4682200162E7F /* ListUsersViewController.swift */ = {isa = PBXFileReference; lastKnownFileType = sourcecode.swift; path = ListUsersViewController.swift; sourceTree = "<group>"; };
		EF78367127E4715400162E7F /* ListUsersCell.swift */ = {isa = PBXFileReference; lastKnownFileType = sourcecode.swift; path = ListUsersCell.swift; sourceTree = "<group>"; };
		EF78367327E477C600162E7F /* ListUsersRightCell.swift */ = {isa = PBXFileReference; fileEncoding = 4; lastKnownFileType = sourcecode.swift; path = ListUsersRightCell.swift; sourceTree = "<group>"; };
		EF78367527E47B6B00162E7F /* UserInfoCell.swift */ = {isa = PBXFileReference; fileEncoding = 4; lastKnownFileType = sourcecode.swift; path = UserInfoCell.swift; sourceTree = "<group>"; };
		EF7B2D1C27DB412E000DF323 /* iOSCoach.app */ = {isa = PBXFileReference; explicitFileType = wrapper.application; includeInIndex = 0; path = iOSCoach.app; sourceTree = BUILT_PRODUCTS_DIR; };
		EF7B2D1F27DB412E000DF323 /* AppDelegate.swift */ = {isa = PBXFileReference; lastKnownFileType = sourcecode.swift; path = AppDelegate.swift; sourceTree = "<group>"; };
		EF7B2D2327DB412E000DF323 /* ViewController.swift */ = {isa = PBXFileReference; lastKnownFileType = sourcecode.swift; path = ViewController.swift; sourceTree = "<group>"; };
		EF7B2D2627DB412E000DF323 /* Base */ = {isa = PBXFileReference; lastKnownFileType = file.storyboard; name = Base; path = Base.lproj/Main.storyboard; sourceTree = "<group>"; };
		EF7B2D2827DB4130000DF323 /* Assets.xcassets */ = {isa = PBXFileReference; lastKnownFileType = folder.assetcatalog; path = Assets.xcassets; sourceTree = "<group>"; };
		EF7B2D2B27DB4130000DF323 /* Base */ = {isa = PBXFileReference; lastKnownFileType = file.storyboard; name = Base; path = Base.lproj/LaunchScreen.storyboard; sourceTree = "<group>"; };
		EF7B2D2D27DB4130000DF323 /* Info.plist */ = {isa = PBXFileReference; lastKnownFileType = text.plist.xml; path = Info.plist; sourceTree = "<group>"; };
		EF7B2D3227DB4131000DF323 /* iOSCoachTests.xctest */ = {isa = PBXFileReference; explicitFileType = wrapper.cfbundle; includeInIndex = 0; path = iOSCoachTests.xctest; sourceTree = BUILT_PRODUCTS_DIR; };
		EF7B2D3627DB4131000DF323 /* iOSCoachTests.swift */ = {isa = PBXFileReference; lastKnownFileType = sourcecode.swift; path = iOSCoachTests.swift; sourceTree = "<group>"; };
		EF7B2D3C27DB4131000DF323 /* iOSCoachUITests.xctest */ = {isa = PBXFileReference; explicitFileType = wrapper.cfbundle; includeInIndex = 0; path = iOSCoachUITests.xctest; sourceTree = BUILT_PRODUCTS_DIR; };
		EF7B2D4027DB4131000DF323 /* iOSCoachUITests.swift */ = {isa = PBXFileReference; lastKnownFileType = sourcecode.swift; path = iOSCoachUITests.swift; sourceTree = "<group>"; };
		EF7B2D4227DB4131000DF323 /* iOSCoachUITestsLaunchTests.swift */ = {isa = PBXFileReference; lastKnownFileType = sourcecode.swift; path = iOSCoachUITestsLaunchTests.swift; sourceTree = "<group>"; };
		EF7B2D5527DB435B000DF323 /* LoginViewController.swift */ = {isa = PBXFileReference; lastKnownFileType = sourcecode.swift; path = LoginViewController.swift; sourceTree = "<group>"; };
/* End PBXFileReference section */

/* Begin PBXFrameworksBuildPhase section */
		EF7B2D1927DB412E000DF323 /* Frameworks */ = {
			isa = PBXFrameworksBuildPhase;
			buildActionMask = 2147483647;
			files = (
				EB0C98DC3D72BAC1F34FBEC7 /* Pods_iOSCoach.framework in Frameworks */,
			);
			runOnlyForDeploymentPostprocessing = 0;
		};
		EF7B2D2F27DB4131000DF323 /* Frameworks */ = {
			isa = PBXFrameworksBuildPhase;
			buildActionMask = 2147483647;
			files = (
				4490EEF1B2A1595DC6E662E2 /* Pods_iOSCoachTests.framework in Frameworks */,
			);
			runOnlyForDeploymentPostprocessing = 0;
		};
		EF7B2D3927DB4131000DF323 /* Frameworks */ = {
			isa = PBXFrameworksBuildPhase;
			buildActionMask = 2147483647;
			files = (
				8411860EB2134A786CD41C6C /* Pods_iOSCoach_iOSCoachUITests.framework in Frameworks */,
			);
			runOnlyForDeploymentPostprocessing = 0;
		};
/* End PBXFrameworksBuildPhase section */

/* Begin PBXGroup section */
		0D6EAE8CBDC7BCF2ADFD14C9 /* Pods */ = {
			isa = PBXGroup;
			children = (
				36E057D84FF235E53706CA43 /* Pods-iOSCoach.debug.xcconfig */,
				41EAC908CB0FB0846FEE2D95 /* Pods-iOSCoach.release.xcconfig */,
				2FD5E0AB5E5648294D0BF2D6 /* Pods-iOSCoach-iOSCoachUITests.debug.xcconfig */,
				0BEA24B45A531C50AD9A2080 /* Pods-iOSCoach-iOSCoachUITests.release.xcconfig */,
				BEE03B33F577A5CD002E9A05 /* Pods-iOSCoachTests.debug.xcconfig */,
				2AC337E4E31A0E4DD84FC2CB /* Pods-iOSCoachTests.release.xcconfig */,
			);
			path = Pods;
			sourceTree = "<group>";
		};
		EF5AE77627DB519A00531C0C /* Home */ = {
			isa = PBXGroup;
			children = (
				EF15DE5A27DF208F00762BA1 /* HomeViewController.swift */,
			);
			path = Home;
			sourceTree = "<group>";
		};
		EF78366E27E4663D00162E7F /* List */ = {
			isa = PBXGroup;
			children = (
				EF78366F27E4682200162E7F /* ListUsersViewController.swift */,
				EF78367527E47B6B00162E7F /* UserInfoCell.swift */,
				EF78367127E4715400162E7F /* ListUsersCell.swift */,
				EF78367327E477C600162E7F /* ListUsersRightCell.swift */,
			);
			path = List;
			sourceTree = "<group>";
		};
		EF7B2D1327DB412E000DF323 = {
			isa = PBXGroup;
			children = (
				EF7B2D1E27DB412E000DF323 /* iOSCoach */,
				EF7B2D3527DB4131000DF323 /* iOSCoachTests */,
				EF7B2D3F27DB4131000DF323 /* iOSCoachUITests */,
				EF7B2D1D27DB412E000DF323 /* Products */,
				0D6EAE8CBDC7BCF2ADFD14C9 /* Pods */,
				FFEC134CCE616C0D03185012 /* Frameworks */,
			);
			sourceTree = "<group>";
		};
		EF7B2D1D27DB412E000DF323 /* Products */ = {
			isa = PBXGroup;
			children = (
				EF7B2D1C27DB412E000DF323 /* iOSCoach.app */,
				EF7B2D3227DB4131000DF323 /* iOSCoachTests.xctest */,
				EF7B2D3C27DB4131000DF323 /* iOSCoachUITests.xctest */,
			);
			name = Products;
			sourceTree = "<group>";
		};
		EF7B2D1E27DB412E000DF323 /* iOSCoach */ = {
			isa = PBXGroup;
			children = (
				EF7B2D4F27DB4229000DF323 /* Modules */,
				EF7B2D1F27DB412E000DF323 /* AppDelegate.swift */,
				EF5AE77427DB4CD000531C0C /* SceneDelegate.swift */,
				EF7B2D2327DB412E000DF323 /* ViewController.swift */,
				EF7B2D2527DB412E000DF323 /* Main.storyboard */,
				EF7B2D2827DB4130000DF323 /* Assets.xcassets */,
				EF7B2D2A27DB4130000DF323 /* LaunchScreen.storyboard */,
				EF7B2D2D27DB4130000DF323 /* Info.plist */,
			);
			path = iOSCoach;
			sourceTree = "<group>";
		};
		EF7B2D3527DB4131000DF323 /* iOSCoachTests */ = {
			isa = PBXGroup;
			children = (
				EF7B2D3627DB4131000DF323 /* iOSCoachTests.swift */,
			);
			path = iOSCoachTests;
			sourceTree = "<group>";
		};
		EF7B2D3F27DB4131000DF323 /* iOSCoachUITests */ = {
			isa = PBXGroup;
			children = (
				EF7B2D4027DB4131000DF323 /* iOSCoachUITests.swift */,
				EF7B2D4227DB4131000DF323 /* iOSCoachUITestsLaunchTests.swift */,
			);
			path = iOSCoachUITests;
			sourceTree = "<group>";
		};
		EF7B2D4F27DB4229000DF323 /* Modules */ = {
			isa = PBXGroup;
			children = (
				EF78366E27E4663D00162E7F /* List */,
				EF5AE77627DB519A00531C0C /* Home */,
				EF7B2D5027DB4233000DF323 /* Login */,
			);
			path = Modules;
			sourceTree = "<group>";
		};
		EF7B2D5027DB4233000DF323 /* Login */ = {
			isa = PBXGroup;
			children = (
				EF7B2D5527DB435B000DF323 /* LoginViewController.swift */,
			);
			path = Login;
			sourceTree = "<group>";
		};
		FFEC134CCE616C0D03185012 /* Frameworks */ = {
			isa = PBXGroup;
			children = (
				43ED6717C20A3CCC5E527764 /* Pods_iOSCoach.framework */,
				8744689468797D53A608B393 /* Pods_iOSCoach_iOSCoachUITests.framework */,
				32C75DC57B015D0A8ECE8EFD /* Pods_iOSCoachTests.framework */,
			);
			name = Frameworks;
			sourceTree = "<group>";
		};
/* End PBXGroup section */

/* Begin PBXNativeTarget section */
		EF7B2D1B27DB412E000DF323 /* iOSCoach */ = {
			isa = PBXNativeTarget;
			buildConfigurationList = EF7B2D4627DB4131000DF323 /* Build configuration list for PBXNativeTarget "iOSCoach" */;
			buildPhases = (
				EEAB9BC5562E30323F366B75 /* [CP] Check Pods Manifest.lock */,
				EF7B2D1827DB412E000DF323 /* Sources */,
				EF7B2D1927DB412E000DF323 /* Frameworks */,
				EF7B2D1A27DB412E000DF323 /* Resources */,
			);
			buildRules = (
			);
			dependencies = (
			);
			name = iOSCoach;
			productName = iOSCoach;
			productReference = EF7B2D1C27DB412E000DF323 /* iOSCoach.app */;
			productType = "com.apple.product-type.application";
		};
		EF7B2D3127DB4131000DF323 /* iOSCoachTests */ = {
			isa = PBXNativeTarget;
			buildConfigurationList = EF7B2D4927DB4131000DF323 /* Build configuration list for PBXNativeTarget "iOSCoachTests" */;
			buildPhases = (
				62952779FD198831FB7C264D /* [CP] Check Pods Manifest.lock */,
				EF7B2D2E27DB4131000DF323 /* Sources */,
				EF7B2D2F27DB4131000DF323 /* Frameworks */,
				EF7B2D3027DB4131000DF323 /* Resources */,
			);
			buildRules = (
			);
			dependencies = (
				EF7B2D3427DB4131000DF323 /* PBXTargetDependency */,
			);
			name = iOSCoachTests;
			productName = iOSCoachTests;
			productReference = EF7B2D3227DB4131000DF323 /* iOSCoachTests.xctest */;
			productType = "com.apple.product-type.bundle.unit-test";
		};
		EF7B2D3B27DB4131000DF323 /* iOSCoachUITests */ = {
			isa = PBXNativeTarget;
			buildConfigurationList = EF7B2D4C27DB4131000DF323 /* Build configuration list for PBXNativeTarget "iOSCoachUITests" */;
			buildPhases = (
				3DE512792DE5A1517C82E57D /* [CP] Check Pods Manifest.lock */,
				EF7B2D3827DB4131000DF323 /* Sources */,
				EF7B2D3927DB4131000DF323 /* Frameworks */,
				EF7B2D3A27DB4131000DF323 /* Resources */,
			);
			buildRules = (
			);
			dependencies = (
				EF7B2D3E27DB4131000DF323 /* PBXTargetDependency */,
			);
			name = iOSCoachUITests;
			productName = iOSCoachUITests;
			productReference = EF7B2D3C27DB4131000DF323 /* iOSCoachUITests.xctest */;
			productType = "com.apple.product-type.bundle.ui-testing";
		};
/* End PBXNativeTarget section */

/* Begin PBXProject section */
		EF7B2D1427DB412E000DF323 /* Project object */ = {
			isa = PBXProject;
			attributes = {
				BuildIndependentTargetsInParallel = 1;
				LastSwiftUpdateCheck = 1300;
				LastUpgradeCheck = 1300;
				TargetAttributes = {
					EF7B2D1B27DB412E000DF323 = {
						CreatedOnToolsVersion = 13.0;
					};
					EF7B2D3127DB4131000DF323 = {
						CreatedOnToolsVersion = 13.0;
						TestTargetID = EF7B2D1B27DB412E000DF323;
					};
					EF7B2D3B27DB4131000DF323 = {
						CreatedOnToolsVersion = 13.0;
						TestTargetID = EF7B2D1B27DB412E000DF323;
					};
				};
			};
			buildConfigurationList = EF7B2D1727DB412E000DF323 /* Build configuration list for PBXProject "iOSCoach" */;
			compatibilityVersion = "Xcode 13.0";
			developmentRegion = en;
			hasScannedForEncodings = 0;
			knownRegions = (
				en,
				Base,
			);
			mainGroup = EF7B2D1327DB412E000DF323;
			productRefGroup = EF7B2D1D27DB412E000DF323 /* Products */;
			projectDirPath = "";
			projectRoot = "";
			targets = (
				EF7B2D1B27DB412E000DF323 /* iOSCoach */,
				EF7B2D3127DB4131000DF323 /* iOSCoachTests */,
				EF7B2D3B27DB4131000DF323 /* iOSCoachUITests */,
			);
		};
/* End PBXProject section */

/* Begin PBXResourcesBuildPhase section */
		EF7B2D1A27DB412E000DF323 /* Resources */ = {
			isa = PBXResourcesBuildPhase;
			buildActionMask = 2147483647;
			files = (
				EF7B2D2C27DB4130000DF323 /* LaunchScreen.storyboard in Resources */,
				EF7B2D2927DB4130000DF323 /* Assets.xcassets in Resources */,
				EF7B2D2727DB412E000DF323 /* Main.storyboard in Resources */,
			);
			runOnlyForDeploymentPostprocessing = 0;
		};
		EF7B2D3027DB4131000DF323 /* Resources */ = {
			isa = PBXResourcesBuildPhase;
			buildActionMask = 2147483647;
			files = (
			);
			runOnlyForDeploymentPostprocessing = 0;
		};
		EF7B2D3A27DB4131000DF323 /* Resources */ = {
			isa = PBXResourcesBuildPhase;
			buildActionMask = 2147483647;
			files = (
			);
			runOnlyForDeploymentPostprocessing = 0;
		};
/* End PBXResourcesBuildPhase section */

/* Begin PBXShellScriptBuildPhase section */
		3DE512792DE5A1517C82E57D /* [CP] Check Pods Manifest.lock */ = {
			isa = PBXShellScriptBuildPhase;
			buildActionMask = 2147483647;
			files = (
			);
			inputFileListPaths = (
			);
			inputPaths = (
				"${PODS_PODFILE_DIR_PATH}/Podfile.lock",
				"${PODS_ROOT}/Manifest.lock",
			);
			name = "[CP] Check Pods Manifest.lock";
			outputFileListPaths = (
			);
			outputPaths = (
				"$(DERIVED_FILE_DIR)/Pods-iOSCoach-iOSCoachUITests-checkManifestLockResult.txt",
			);
			runOnlyForDeploymentPostprocessing = 0;
			shellPath = /bin/sh;
			shellScript = "diff \"${PODS_PODFILE_DIR_PATH}/Podfile.lock\" \"${PODS_ROOT}/Manifest.lock\" > /dev/null\nif [ $? != 0 ] ; then\n    # print error to STDERR\n    echo \"error: The sandbox is not in sync with the Podfile.lock. Run 'pod install' or update your CocoaPods installation.\" >&2\n    exit 1\nfi\n# This output is used by Xcode 'outputs' to avoid re-running this script phase.\necho \"SUCCESS\" > \"${SCRIPT_OUTPUT_FILE_0}\"\n";
			showEnvVarsInLog = 0;
		};
		62952779FD198831FB7C264D /* [CP] Check Pods Manifest.lock */ = {
			isa = PBXShellScriptBuildPhase;
			buildActionMask = 2147483647;
			files = (
			);
			inputFileListPaths = (
			);
			inputPaths = (
				"${PODS_PODFILE_DIR_PATH}/Podfile.lock",
				"${PODS_ROOT}/Manifest.lock",
			);
			name = "[CP] Check Pods Manifest.lock";
			outputFileListPaths = (
			);
			outputPaths = (
				"$(DERIVED_FILE_DIR)/Pods-iOSCoachTests-checkManifestLockResult.txt",
			);
			runOnlyForDeploymentPostprocessing = 0;
			shellPath = /bin/sh;
			shellScript = "diff \"${PODS_PODFILE_DIR_PATH}/Podfile.lock\" \"${PODS_ROOT}/Manifest.lock\" > /dev/null\nif [ $? != 0 ] ; then\n    # print error to STDERR\n    echo \"error: The sandbox is not in sync with the Podfile.lock. Run 'pod install' or update your CocoaPods installation.\" >&2\n    exit 1\nfi\n# This output is used by Xcode 'outputs' to avoid re-running this script phase.\necho \"SUCCESS\" > \"${SCRIPT_OUTPUT_FILE_0}\"\n";
			showEnvVarsInLog = 0;
		};
		EEAB9BC5562E30323F366B75 /* [CP] Check Pods Manifest.lock */ = {
			isa = PBXShellScriptBuildPhase;
			buildActionMask = 2147483647;
			files = (
			);
			inputFileListPaths = (
			);
			inputPaths = (
				"${PODS_PODFILE_DIR_PATH}/Podfile.lock",
				"${PODS_ROOT}/Manifest.lock",
			);
			name = "[CP] Check Pods Manifest.lock";
			outputFileListPaths = (
			);
			outputPaths = (
				"$(DERIVED_FILE_DIR)/Pods-iOSCoach-checkManifestLockResult.txt",
			);
			runOnlyForDeploymentPostprocessing = 0;
			shellPath = /bin/sh;
			shellScript = "diff \"${PODS_PODFILE_DIR_PATH}/Podfile.lock\" \"${PODS_ROOT}/Manifest.lock\" > /dev/null\nif [ $? != 0 ] ; then\n    # print error to STDERR\n    echo \"error: The sandbox is not in sync with the Podfile.lock. Run 'pod install' or update your CocoaPods installation.\" >&2\n    exit 1\nfi\n# This output is used by Xcode 'outputs' to avoid re-running this script phase.\necho \"SUCCESS\" > \"${SCRIPT_OUTPUT_FILE_0}\"\n";
			showEnvVarsInLog = 0;
		};
/* End PBXShellScriptBuildPhase section */

/* Begin PBXSourcesBuildPhase section */
		EF7B2D1827DB412E000DF323 /* Sources */ = {
			isa = PBXSourcesBuildPhase;
			buildActionMask = 2147483647;
			files = (
				EF15DE5B27DF208F00762BA1 /* HomeViewController.swift in Sources */,
				EF7B2D5627DB435B000DF323 /* LoginViewController.swift in Sources */,
				EF7B2D2427DB412E000DF323 /* ViewController.swift in Sources */,
				EF78367227E4715400162E7F /* ListUsersCell.swift in Sources */,
				EF78367027E4682200162E7F /* ListUsersViewController.swift in Sources */,
				EF7B2D2027DB412E000DF323 /* AppDelegate.swift in Sources */,
				EF5AE77527DB4CD000531C0C /* SceneDelegate.swift in Sources */,
				EF78367427E477C600162E7F /* ListUsersRightCell.swift in Sources */,
				EF78367627E47B6B00162E7F /* UserInfoCell.swift in Sources */,
			);
			runOnlyForDeploymentPostprocessing = 0;
		};
		EF7B2D2E27DB4131000DF323 /* Sources */ = {
			isa = PBXSourcesBuildPhase;
			buildActionMask = 2147483647;
			files = (
				EF7B2D3727DB4131000DF323 /* iOSCoachTests.swift in Sources */,
			);
			runOnlyForDeploymentPostprocessing = 0;
		};
		EF7B2D3827DB4131000DF323 /* Sources */ = {
			isa = PBXSourcesBuildPhase;
			buildActionMask = 2147483647;
			files = (
				EF7B2D4327DB4131000DF323 /* iOSCoachUITestsLaunchTests.swift in Sources */,
				EF7B2D4127DB4131000DF323 /* iOSCoachUITests.swift in Sources */,
			);
			runOnlyForDeploymentPostprocessing = 0;
		};
/* End PBXSourcesBuildPhase section */

/* Begin PBXTargetDependency section */
		EF7B2D3427DB4131000DF323 /* PBXTargetDependency */ = {
			isa = PBXTargetDependency;
			target = EF7B2D1B27DB412E000DF323 /* iOSCoach */;
			targetProxy = EF7B2D3327DB4131000DF323 /* PBXContainerItemProxy */;
		};
		EF7B2D3E27DB4131000DF323 /* PBXTargetDependency */ = {
			isa = PBXTargetDependency;
			target = EF7B2D1B27DB412E000DF323 /* iOSCoach */;
			targetProxy = EF7B2D3D27DB4131000DF323 /* PBXContainerItemProxy */;
		};
/* End PBXTargetDependency section */

/* Begin PBXVariantGroup section */
		EF7B2D2527DB412E000DF323 /* Main.storyboard */ = {
			isa = PBXVariantGroup;
			children = (
				EF7B2D2627DB412E000DF323 /* Base */,
			);
			name = Main.storyboard;
			sourceTree = "<group>";
		};
		EF7B2D2A27DB4130000DF323 /* LaunchScreen.storyboard */ = {
			isa = PBXVariantGroup;
			children = (
				EF7B2D2B27DB4130000DF323 /* Base */,
			);
			name = LaunchScreen.storyboard;
			sourceTree = "<group>";
		};
/* End PBXVariantGroup section */

/* Begin XCBuildConfiguration section */
		EF7B2D4427DB4131000DF323 /* Debug */ = {
			isa = XCBuildConfiguration;
			buildSettings = {
				ALWAYS_SEARCH_USER_PATHS = NO;
				CLANG_ANALYZER_NONNULL = YES;
				CLANG_ANALYZER_NUMBER_OBJECT_CONVERSION = YES_AGGRESSIVE;
				CLANG_CXX_LANGUAGE_STANDARD = "gnu++17";
				CLANG_CXX_LIBRARY = "libc++";
				CLANG_ENABLE_MODULES = YES;
				CLANG_ENABLE_OBJC_ARC = YES;
				CLANG_ENABLE_OBJC_WEAK = YES;
				CLANG_WARN_BLOCK_CAPTURE_AUTORELEASING = YES;
				CLANG_WARN_BOOL_CONVERSION = YES;
				CLANG_WARN_COMMA = YES;
				CLANG_WARN_CONSTANT_CONVERSION = YES;
				CLANG_WARN_DEPRECATED_OBJC_IMPLEMENTATIONS = YES;
				CLANG_WARN_DIRECT_OBJC_ISA_USAGE = YES_ERROR;
				CLANG_WARN_DOCUMENTATION_COMMENTS = YES;
				CLANG_WARN_EMPTY_BODY = YES;
				CLANG_WARN_ENUM_CONVERSION = YES;
				CLANG_WARN_INFINITE_RECURSION = YES;
				CLANG_WARN_INT_CONVERSION = YES;
				CLANG_WARN_NON_LITERAL_NULL_CONVERSION = YES;
				CLANG_WARN_OBJC_IMPLICIT_RETAIN_SELF = YES;
				CLANG_WARN_OBJC_LITERAL_CONVERSION = YES;
				CLANG_WARN_OBJC_ROOT_CLASS = YES_ERROR;
				CLANG_WARN_QUOTED_INCLUDE_IN_FRAMEWORK_HEADER = YES;
				CLANG_WARN_RANGE_LOOP_ANALYSIS = YES;
				CLANG_WARN_STRICT_PROTOTYPES = YES;
				CLANG_WARN_SUSPICIOUS_MOVE = YES;
				CLANG_WARN_UNGUARDED_AVAILABILITY = YES_AGGRESSIVE;
				CLANG_WARN_UNREACHABLE_CODE = YES;
				CLANG_WARN__DUPLICATE_METHOD_MATCH = YES;
				COPY_PHASE_STRIP = NO;
				DEBUG_INFORMATION_FORMAT = dwarf;
				ENABLE_STRICT_OBJC_MSGSEND = YES;
				ENABLE_TESTABILITY = YES;
				GCC_C_LANGUAGE_STANDARD = gnu11;
				GCC_DYNAMIC_NO_PIC = NO;
				GCC_NO_COMMON_BLOCKS = YES;
				GCC_OPTIMIZATION_LEVEL = 0;
				GCC_PREPROCESSOR_DEFINITIONS = (
					"DEBUG=1",
					"$(inherited)",
				);
				GCC_WARN_64_TO_32_BIT_CONVERSION = YES;
				GCC_WARN_ABOUT_RETURN_TYPE = YES_ERROR;
				GCC_WARN_UNDECLARED_SELECTOR = YES;
				GCC_WARN_UNINITIALIZED_AUTOS = YES_AGGRESSIVE;
				GCC_WARN_UNUSED_FUNCTION = YES;
				GCC_WARN_UNUSED_VARIABLE = YES;
				IPHONEOS_DEPLOYMENT_TARGET = 13.0;
				MTL_ENABLE_DEBUG_INFO = INCLUDE_SOURCE;
				MTL_FAST_MATH = YES;
				ONLY_ACTIVE_ARCH = YES;
				SDKROOT = iphoneos;
				SWIFT_ACTIVE_COMPILATION_CONDITIONS = DEBUG;
				SWIFT_OPTIMIZATION_LEVEL = "-Onone";
			};
			name = Debug;
		};
		EF7B2D4527DB4131000DF323 /* Release */ = {
			isa = XCBuildConfiguration;
			buildSettings = {
				ALWAYS_SEARCH_USER_PATHS = NO;
				CLANG_ANALYZER_NONNULL = YES;
				CLANG_ANALYZER_NUMBER_OBJECT_CONVERSION = YES_AGGRESSIVE;
				CLANG_CXX_LANGUAGE_STANDARD = "gnu++17";
				CLANG_CXX_LIBRARY = "libc++";
				CLANG_ENABLE_MODULES = YES;
				CLANG_ENABLE_OBJC_ARC = YES;
				CLANG_ENABLE_OBJC_WEAK = YES;
				CLANG_WARN_BLOCK_CAPTURE_AUTORELEASING = YES;
				CLANG_WARN_BOOL_CONVERSION = YES;
				CLANG_WARN_COMMA = YES;
				CLANG_WARN_CONSTANT_CONVERSION = YES;
				CLANG_WARN_DEPRECATED_OBJC_IMPLEMENTATIONS = YES;
				CLANG_WARN_DIRECT_OBJC_ISA_USAGE = YES_ERROR;
				CLANG_WARN_DOCUMENTATION_COMMENTS = YES;
				CLANG_WARN_EMPTY_BODY = YES;
				CLANG_WARN_ENUM_CONVERSION = YES;
				CLANG_WARN_INFINITE_RECURSION = YES;
				CLANG_WARN_INT_CONVERSION = YES;
				CLANG_WARN_NON_LITERAL_NULL_CONVERSION = YES;
				CLANG_WARN_OBJC_IMPLICIT_RETAIN_SELF = YES;
				CLANG_WARN_OBJC_LITERAL_CONVERSION = YES;
				CLANG_WARN_OBJC_ROOT_CLASS = YES_ERROR;
				CLANG_WARN_QUOTED_INCLUDE_IN_FRAMEWORK_HEADER = YES;
				CLANG_WARN_RANGE_LOOP_ANALYSIS = YES;
				CLANG_WARN_STRICT_PROTOTYPES = YES;
				CLANG_WARN_SUSPICIOUS_MOVE = YES;
				CLANG_WARN_UNGUARDED_AVAILABILITY = YES_AGGRESSIVE;
				CLANG_WARN_UNREACHABLE_CODE = YES;
				CLANG_WARN__DUPLICATE_METHOD_MATCH = YES;
				COPY_PHASE_STRIP = NO;
				DEBUG_INFORMATION_FORMAT = "dwarf-with-dsym";
				ENABLE_NS_ASSERTIONS = NO;
				ENABLE_STRICT_OBJC_MSGSEND = YES;
				GCC_C_LANGUAGE_STANDARD = gnu11;
				GCC_NO_COMMON_BLOCKS = YES;
				GCC_WARN_64_TO_32_BIT_CONVERSION = YES;
				GCC_WARN_ABOUT_RETURN_TYPE = YES_ERROR;
				GCC_WARN_UNDECLARED_SELECTOR = YES;
				GCC_WARN_UNINITIALIZED_AUTOS = YES_AGGRESSIVE;
				GCC_WARN_UNUSED_FUNCTION = YES;
				GCC_WARN_UNUSED_VARIABLE = YES;
				IPHONEOS_DEPLOYMENT_TARGET = 13.0;
				MTL_ENABLE_DEBUG_INFO = NO;
				MTL_FAST_MATH = YES;
				SDKROOT = iphoneos;
				SWIFT_COMPILATION_MODE = wholemodule;
				SWIFT_OPTIMIZATION_LEVEL = "-O";
				VALIDATE_PRODUCT = YES;
			};
			name = Release;
		};
		EF7B2D4727DB4131000DF323 /* Debug */ = {
			isa = XCBuildConfiguration;
			baseConfigurationReference = 36E057D84FF235E53706CA43 /* Pods-iOSCoach.debug.xcconfig */;
			buildSettings = {
				ASSETCATALOG_COMPILER_APPICON_NAME = AppIcon;
				ASSETCATALOG_COMPILER_GLOBAL_ACCENT_COLOR_NAME = AccentColor;
				CODE_SIGN_STYLE = Manual;
				CURRENT_PROJECT_VERSION = 1;
				DEVELOPMENT_TEAM = "";
				GENERATE_INFOPLIST_FILE = YES;
				INFOPLIST_FILE = iOSCoach/Info.plist;
				INFOPLIST_KEY_UIApplicationSupportsIndirectInputEvents = YES;
				INFOPLIST_KEY_UILaunchStoryboardName = LaunchScreen;
				INFOPLIST_KEY_UIMainStoryboardFile = Main;
				INFOPLIST_KEY_UISupportedInterfaceOrientations = UIInterfaceOrientationPortrait;
				INFOPLIST_KEY_UISupportedInterfaceOrientations_iPad = "UIInterfaceOrientationPortrait UIInterfaceOrientationPortraitUpsideDown UIInterfaceOrientationLandscapeLeft UIInterfaceOrientationLandscapeRight";
				INFOPLIST_KEY_UISupportedInterfaceOrientations_iPhone = "UIInterfaceOrientationPortrait UIInterfaceOrientationLandscapeLeft UIInterfaceOrientationLandscapeRight";
				IPHONEOS_DEPLOYMENT_TARGET = 13.0;
				LD_RUNPATH_SEARCH_PATHS = (
					"$(inherited)",
					"@executable_path/Frameworks",
				);
				MARKETING_VERSION = 1.0;
				PRODUCT_BUNDLE_IDENTIFIER = com.seirifat.ioscoach.iOSCoach;
				PRODUCT_NAME = "$(TARGET_NAME)";
				PROVISIONING_PROFILE_SPECIFIER = "";
				SWIFT_EMIT_LOC_STRINGS = YES;
				SWIFT_VERSION = 5.0;
				TARGETED_DEVICE_FAMILY = "1,2";
			};
			name = Debug;
		};
		EF7B2D4827DB4131000DF323 /* Release */ = {
			isa = XCBuildConfiguration;
			baseConfigurationReference = 41EAC908CB0FB0846FEE2D95 /* Pods-iOSCoach.release.xcconfig */;
			buildSettings = {
				ASSETCATALOG_COMPILER_APPICON_NAME = AppIcon;
				ASSETCATALOG_COMPILER_GLOBAL_ACCENT_COLOR_NAME = AccentColor;
				CODE_SIGN_STYLE = Manual;
				CURRENT_PROJECT_VERSION = 1;
				DEVELOPMENT_TEAM = "";
				GENERATE_INFOPLIST_FILE = YES;
				INFOPLIST_FILE = iOSCoach/Info.plist;
				INFOPLIST_KEY_UIApplicationSupportsIndirectInputEvents = YES;
				INFOPLIST_KEY_UILaunchStoryboardName = LaunchScreen;
				INFOPLIST_KEY_UIMainStoryboardFile = Main;
				INFOPLIST_KEY_UISupportedInterfaceOrientations = UIInterfaceOrientationPortrait;
				INFOPLIST_KEY_UISupportedInterfaceOrientations_iPad = "UIInterfaceOrientationPortrait UIInterfaceOrientationPortraitUpsideDown UIInterfaceOrientationLandscapeLeft UIInterfaceOrientationLandscapeRight";
				INFOPLIST_KEY_UISupportedInterfaceOrientations_iPhone = "UIInterfaceOrientationPortrait UIInterfaceOrientationLandscapeLeft UIInterfaceOrientationLandscapeRight";
				IPHONEOS_DEPLOYMENT_TARGET = 13.0;
				LD_RUNPATH_SEARCH_PATHS = (
					"$(inherited)",
					"@executable_path/Frameworks",
				);
				MARKETING_VERSION = 1.0;
				PRODUCT_BUNDLE_IDENTIFIER = com.seirifat.ioscoach.iOSCoach;
				PRODUCT_NAME = "$(TARGET_NAME)";
				PROVISIONING_PROFILE_SPECIFIER = "";
				SWIFT_EMIT_LOC_STRINGS = YES;
				SWIFT_VERSION = 5.0;
				TARGETED_DEVICE_FAMILY = "1,2";
			};
			name = Release;
		};
		EF7B2D4A27DB4131000DF323 /* Debug */ = {
			isa = XCBuildConfiguration;
			baseConfigurationReference = BEE03B33F577A5CD002E9A05 /* Pods-iOSCoachTests.debug.xcconfig */;
			buildSettings = {
				ALWAYS_EMBED_SWIFT_STANDARD_LIBRARIES = YES;
				BUNDLE_LOADER = "$(TEST_HOST)";
				CODE_SIGN_STYLE = Manual;
				CURRENT_PROJECT_VERSION = 1;
				DEVELOPMENT_TEAM = "";
				GENERATE_INFOPLIST_FILE = YES;
				IPHONEOS_DEPLOYMENT_TARGET = 15.0;
				LD_RUNPATH_SEARCH_PATHS = (
					"$(inherited)",
					"@executable_path/Frameworks",
					"@loader_path/Frameworks",
				);
				MARKETING_VERSION = 1.0;
				PRODUCT_BUNDLE_IDENTIFIER = com.seirifat.ioscoach.iOSCoachTests;
				PRODUCT_NAME = "$(TARGET_NAME)";
				PROVISIONING_PROFILE_SPECIFIER = "";
				"PROVISIONING_PROFILE_SPECIFIER[sdk=macosx*]" = "";
				SWIFT_EMIT_LOC_STRINGS = NO;
				SWIFT_VERSION = 5.0;
				TARGETED_DEVICE_FAMILY = "1,2";
				TEST_HOST = "$(BUILT_PRODUCTS_DIR)/iOSCoach.app/iOSCoach";
			};
			name = Debug;
		};
		EF7B2D4B27DB4131000DF323 /* Release */ = {
			isa = XCBuildConfiguration;
			baseConfigurationReference = 2AC337E4E31A0E4DD84FC2CB /* Pods-iOSCoachTests.release.xcconfig */;
			buildSettings = {
				ALWAYS_EMBED_SWIFT_STANDARD_LIBRARIES = YES;
				BUNDLE_LOADER = "$(TEST_HOST)";
				CODE_SIGN_STYLE = Manual;
				CURRENT_PROJECT_VERSION = 1;
				DEVELOPMENT_TEAM = "";
				GENERATE_INFOPLIST_FILE = YES;
				IPHONEOS_DEPLOYMENT_TARGET = 15.0;
				LD_RUNPATH_SEARCH_PATHS = (
					"$(inherited)",
					"@executable_path/Frameworks",
					"@loader_path/Frameworks",
				);
				MARKETING_VERSION = 1.0;
				PRODUCT_BUNDLE_IDENTIFIER = com.seirifat.ioscoach.iOSCoachTests;
				PRODUCT_NAME = "$(TARGET_NAME)";
				PROVISIONING_PROFILE_SPECIFIER = "";
				"PROVISIONING_PROFILE_SPECIFIER[sdk=macosx*]" = "";
				SWIFT_EMIT_LOC_STRINGS = NO;
				SWIFT_VERSION = 5.0;
				TARGETED_DEVICE_FAMILY = "1,2";
				TEST_HOST = "$(BUILT_PRODUCTS_DIR)/iOSCoach.app/iOSCoach";
			};
			name = Release;
		};
		EF7B2D4D27DB4131000DF323 /* Debug */ = {
			isa = XCBuildConfiguration;
			baseConfigurationReference = 2FD5E0AB5E5648294D0BF2D6 /* Pods-iOSCoach-iOSCoachUITests.debug.xcconfig */;
			buildSettings = {
				ALWAYS_EMBED_SWIFT_STANDARD_LIBRARIES = YES;
				CODE_SIGN_STYLE = Manual;
				CURRENT_PROJECT_VERSION = 1;
				DEVELOPMENT_TEAM = "";
				GENERATE_INFOPLIST_FILE = YES;
				LD_RUNPATH_SEARCH_PATHS = (
					"$(inherited)",
					"@executable_path/Frameworks",
					"@loader_path/Frameworks",
				);
				MARKETING_VERSION = 1.0;
				PRODUCT_BUNDLE_IDENTIFIER = com.seirifat.ioscoach.iOSCoachUITests;
				PRODUCT_NAME = "$(TARGET_NAME)";
				PROVISIONING_PROFILE_SPECIFIER = "";
				"PROVISIONING_PROFILE_SPECIFIER[sdk=macosx*]" = "";
				SWIFT_EMIT_LOC_STRINGS = NO;
				SWIFT_VERSION = 5.0;
				TARGETED_DEVICE_FAMILY = "1,2";
				TEST_TARGET_NAME = iOSCoach;
			};
			name = Debug;
		};
		EF7B2D4E27DB4131000DF323 /* Release */ = {
			isa = XCBuildConfiguration;
			baseConfigurationReference = 0BEA24B45A531C50AD9A2080 /* Pods-iOSCoach-iOSCoachUITests.release.xcconfig */;
			buildSettings = {
				ALWAYS_EMBED_SWIFT_STANDARD_LIBRARIES = YES;
				CODE_SIGN_STYLE = Manual;
				CURRENT_PROJECT_VERSION = 1;
				DEVELOPMENT_TEAM = "";
				GENERATE_INFOPLIST_FILE = YES;
				LD_RUNPATH_SEARCH_PATHS = (
					"$(inherited)",
					"@executable_path/Frameworks",
					"@loader_path/Frameworks",
				);
				MARKETING_VERSION = 1.0;
				PRODUCT_BUNDLE_IDENTIFIER = com.seirifat.ioscoach.iOSCoachUITests;
				PRODUCT_NAME = "$(TARGET_NAME)";
				PROVISIONING_PROFILE_SPECIFIER = "";
				"PROVISIONING_PROFILE_SPECIFIER[sdk=macosx*]" = "";
				SWIFT_EMIT_LOC_STRINGS = NO;
				SWIFT_VERSION = 5.0;
				TARGETED_DEVICE_FAMILY = "1,2";
				TEST_TARGET_NAME = iOSCoach;
			};
			name = Release;
		};
/* End XCBuildConfiguration section */

/* Begin XCConfigurationList section */
		EF7B2D1727DB412E000DF323 /* Build configuration list for PBXProject "iOSCoach" */ = {
			isa = XCConfigurationList;
			buildConfigurations = (
				EF7B2D4427DB4131000DF323 /* Debug */,
				EF7B2D4527DB4131000DF323 /* Release */,
			);
			defaultConfigurationIsVisible = 0;
			defaultConfigurationName = Release;
		};
		EF7B2D4627DB4131000DF323 /* Build configuration list for PBXNativeTarget "iOSCoach" */ = {
			isa = XCConfigurationList;
			buildConfigurations = (
				EF7B2D4727DB4131000DF323 /* Debug */,
				EF7B2D4827DB4131000DF323 /* Release */,
			);
			defaultConfigurationIsVisible = 0;
			defaultConfigurationName = Release;
		};
		EF7B2D4927DB4131000DF323 /* Build configuration list for PBXNativeTarget "iOSCoachTests" */ = {
			isa = XCConfigurationList;
			buildConfigurations = (
				EF7B2D4A27DB4131000DF323 /* Debug */,
				EF7B2D4B27DB4131000DF323 /* Release */,
			);
			defaultConfigurationIsVisible = 0;
			defaultConfigurationName = Release;
		};
		EF7B2D4C27DB4131000DF323 /* Build configuration list for PBXNativeTarget "iOSCoachUITests" */ = {
			isa = XCConfigurationList;
			buildConfigurations = (
				EF7B2D4D27DB4131000DF323 /* Debug */,
				EF7B2D4E27DB4131000DF323 /* Release */,
			);
			defaultConfigurationIsVisible = 0;
			defaultConfigurationName = Release;
		};
/* End XCConfigurationList section */
	};
	rootObject = EF7B2D1427DB412E000DF323 /* Project object */;
}
